
Microsoft Visual Studio Solution File, Format Version 12.00
# Visual Studio Version 17
VisualStudioVersion = 17.12.35506.116 d17.12
MinimumVisualStudioVersion = 10.0.40219.1
Project("{FAE04EC0-301F-11D3-BF4B-00C04F79EFBC}") = "Gusty Golbat", "Gusty Golbat.csproj", "{478437D2-1B26-46B8-A858-450D77D6C654}"
EndProject
Global
	GlobalSection(SolutionConfigurationPlatforms) = preSolution
		Debug|Any CPU = Debug|Any CPU
		Release|Any CPU = Release|Any CPU
	EndGlobalSection
	GlobalSection(ProjectConfigurationPlatforms) = postSolution
		{478437D2-1B26-46B8-A858-450D77D6C654}.Debug|Any CPU.ActiveCfg = Debug|Any CPU
		{478437D2-1B26-46B8-A858-450D77D6C654}.Debug|Any CPU.Build.0 = Debug|Any CPU
		{478437D2-1B26-46B8-A858-450D77D6C654}.Release|Any CPU.ActiveCfg = Release|Any CPU
		{478437D2-1B26-46B8-A858-450D77D6C654}.Release|Any CPU.Build.0 = Release|Any CPU
	EndGlobalSection
	GlobalSection(SolutionProperties) = preSolution
		HideSolutionNode = FALSE
	EndGlobalSection
EndGlobal
